# THIS IS AN AUTOGENERATED FILE. DO NOT EDIT THIS FILE DIRECTLY.
# yarn lockfile v1


eslint-config-prettier@^10.0.1:
  version "10.0.1"
  resolved "https://registry.yarnpkg.com/eslint-config-prettier/-/eslint-config-prettier-10.0.1.tgz#fbb03bfc8db0651df9ce4e8b7150d11c5fe3addf"
  integrity sha512-lZBts941cyJyeaooiKxAtzoPHTN+GbQTJFAIdQbRhA4/8whaAraEh47Whw/ZFfrjNSnlAxqfm9i0XVAEkULjCw==

eslint-plugin-json@^4.0.1:
  version "4.0.1"
  resolved "https://registry.yarnpkg.com/eslint-plugin-json/-/eslint-plugin-json-4.0.1.tgz#c99e0e465b2a33fbdce6dac040f507d75e940a74"
  integrity sha512-3An5ISV5dq/kHfXdNyY5TUe2ONC3yXFSkLX2gu+W8xAhKhfvrRvkSAeKXCxZqZ0KJLX15ojBuLPyj+UikQMkOA==
  dependencies:
    lodash "^4.17.21"
    vscode-json-languageservice "^4.1.6"

jsonc-parser@^3.0.0:
  version "3.2.1"
  resolved "https://registry.npmjs.org/jsonc-parser/-/jsonc-parser-3.2.1.tgz"
  integrity sha512-AilxAyFOAcK5wA1+LeaySVBrHsGQvUFCDWXKpZjzaL0PqW+xfBOttn8GNtWKFWqneyMZj41MWF9Kl6iPWLwgOA==

lodash@^4.17.21:
  version "4.17.21"
  resolved "https://registry.npmjs.org/lodash/-/lodash-4.17.21.tgz"
  integrity sha512-v2kDEe57lecTulaDIuNTPy3Ry4gLGJ6Z1O3vE1krgXZNrsQ+LFTGHVxVjcXPs17LhbZVGedAJv8XZ1tvj5FvSg==

vscode-json-languageservice@^4.1.6:
  version "4.2.1"
  resolved "https://registry.npmjs.org/vscode-json-languageservice/-/vscode-json-languageservice-4.2.1.tgz"
  integrity sha512-xGmv9QIWs2H8obGbWg+sIPI/3/pFgj/5OWBhNzs00BkYQ9UaB2F6JJaGB/2/YOZJ3BvLXQTC4Q7muqU25QgAhA==
  dependencies:
    jsonc-parser "^3.0.0"
    vscode-languageserver-textdocument "^1.0.3"
    vscode-languageserver-types "^3.16.0"
    vscode-nls "^5.0.0"
    vscode-uri "^3.0.3"

vscode-languageserver-textdocument@^1.0.3:
  version "1.0.11"
  resolved "https://registry.npmjs.org/vscode-languageserver-textdocument/-/vscode-languageserver-textdocument-1.0.11.tgz"
  integrity sha512-X+8T3GoiwTVlJbicx/sIAF+yuJAqz8VvwJyoMVhwEMoEKE/fkDmrqUgDMyBECcM2A2frVZIUj5HI/ErRXCfOeA==

vscode-languageserver-types@^3.16.0:
  version "3.17.5"
  resolved "https://registry.npmjs.org/vscode-languageserver-types/-/vscode-languageserver-types-3.17.5.tgz"
  integrity sha512-Ld1VelNuX9pdF39h2Hgaeb5hEZM2Z3jUrrMgWQAu82jMtZp7p3vJT3BzToKtZI7NgQssZje5o0zryOrhQvzQAg==

vscode-nls@^5.0.0:
  version "5.2.0"
  resolved "https://registry.npmjs.org/vscode-nls/-/vscode-nls-5.2.0.tgz"
  integrity sha512-RAaHx7B14ZU04EU31pT+rKz2/zSl7xMsfIZuo8pd+KZO6PXtQmpevpq3vxvWNcrGbdmhM/rr5Uw5Mz+NBfhVng==

vscode-uri@^3.0.3:
  version "3.0.8"
  resolved "https://registry.npmjs.org/vscode-uri/-/vscode-uri-3.0.8.tgz"
  integrity sha512-AyFQ0EVmsOZOlAnxoFOGOq1SQDWAB7C6aqMGS23svWAllfOaxbuFvcT8D1i8z3Gyn8fraVeZNNmN6e9bxxXkKw==
